<?xml version="1.0" encoding="utf-8"?>
<Project ToolsVersion="4.0" xmlns="http://schemas.microsoft.com/developer/msbuild/2003">
  <ItemGroup>
    <Filter Include="Source Files">
      <UniqueIdentifier>{4FC737F1-C7A5-4376-A066-2A32D752A2FF}</UniqueIdentifier>
      <Extensions>cpp;c;cc;cxx;c++;cppm;ixx;def;odl;idl;hpj;bat;asm;asmx</Extensions>
    </Filter>
    <Filter Include="Header Files">
      <UniqueIdentifier>{93995380-89BD-4b04-88EB-625FBE52EBFB}</UniqueIdentifier>
      <Extensions>h;hh;hpp;hxx;h++;hm;inl;inc;ipp;xsd</Extensions>
    </Filter>
    <Filter Include="Resource Files">
      <UniqueIdentifier>{67DA6AB6-F800-4c08-8B7A-83BB121AAD01}</UniqueIdentifier>
      <Extensions>rc;ico;cur;bmp;dlg;rc2;rct;bin;rgs;gif;jpg;jpeg;jpe;resx;tiff;tif;png;wav;mfcribbon-ms</Extensions>
    </Filter>
    <Filter Include="Header Files\D3D">
      <UniqueIdentifier>{4c238c0e-5752-4528-8afa-162349031946}</UniqueIdentifier>
    </Filter>
    <Filter Include="Header Files\detours">
      <UniqueIdentifier>{670f9a38-e472-4de2-8c42-57a06a467eeb}</UniqueIdentifier>
    </Filter>
    <Filter Include="Header Files\ImGui">
      <UniqueIdentifier>{fc9de18b-610b-4a9f-a0d6-6434c65dd69c}</UniqueIdentifier>
    </Filter>
    <Filter Include="Source Files\renderer">
      <UniqueIdentifier>{4bdbb8af-a911-4ac1-b55c-260c7069a745}</UniqueIdentifier>
    </Filter>
    <Filter Include="Header Files\renderer">
      <UniqueIdentifier>{5b0be25e-12cc-4f54-8790-afb94a0d6753}</UniqueIdentifier>
    </Filter>
    <Filter Include="Source Files\Maths">
      <UniqueIdentifier>{b707a05e-e4cd-4cd6-9ba8-f175b4e8ea03}</UniqueIdentifier>
    </Filter>
    <Filter Include="Source Files\Utils">
      <UniqueIdentifier>{3c764a7c-480e-483f-a5d4-366fad2fb5dd}</UniqueIdentifier>
    </Filter>
    <Filter Include="Source Files\Discord">
      <UniqueIdentifier>{758f959c-31cc-444c-bbe5-d18dcd2e310e}</UniqueIdentifier>
    </Filter>
  </ItemGroup>
  <ItemGroup>
    <ClInclude Include="d3dsetup.h">
      <Filter>Header Files\D3D</Filter>
    </ClInclude>
    <ClInclude Include="structs.h">
      <Filter>Header Files</Filter>
    </ClInclude>
    <ClInclude Include="detours\detours.h">
      <Filter>Header Files\detours</Filter>
    </ClInclude>
    <ClInclude Include="functions.h">
      <Filter>Header Files</Filter>
    </ClInclude>
    <ClInclude Include="imGui\imgui_impl_dx9.h">
      <Filter>Header Files\ImGui</Filter>
    </ClInclude>
    <ClInclude Include="imGui\imgui_impl_win32.h">
      <Filter>Header Files\ImGui</Filter>
    </ClInclude>
    <ClInclude Include="imGui\imgui_internal.h">
      <Filter>Header Files\ImGui</Filter>
    </ClInclude>
    <ClInclude Include="imGui\imstb_rectpack.h">
      <Filter>Header Files\ImGui</Filter>
    </ClInclude>
    <ClInclude Include="imGui\imstb_textedit.h">
      <Filter>Header Files\ImGui</Filter>
    </ClInclude>
    <ClInclude Include="imGui\imstb_truetype.h">
      <Filter>Header Files\ImGui</Filter>
    </ClInclude>
    <ClInclude Include="imGui\imconfig.h">
      <Filter>Header Files\ImGui</Filter>
    </ClInclude>
    <ClInclude Include="imGui\imgui.h">
      <Filter>Header Files\ImGui</Filter>
    </ClInclude>
    <ClInclude Include="initGui.h">
      <Filter>Header Files</Filter>
    </ClInclude>
    <ClInclude Include="renderer.h">
      <Filter>Header Files\renderer</Filter>
    </ClInclude>
    <ClInclude Include="Math.h">
      <Filter>Header Files</Filter>
    </ClInclude>
    <ClInclude Include="Utils.h">
      <Filter>Header Files</Filter>
    </ClInclude>
    <ClInclude Include="hooks.h">
      <Filter>Header Files</Filter>
    </ClInclude>
    <ClInclude Include="koukku.h">
      <Filter>Header Files</Filter>
    </ClInclude>
    <ClInclude Include="h.h">
      <Filter>Header Files</Filter>
    </ClInclude>
  </ItemGroup>
  <ItemGroup>
    <ClCompile Include="dllmain.cpp">
      <Filter>Source Files</Filter>
    </ClCompile>
    <ClCompile Include="hooks.cpp">
      <Filter>Source Files</Filter>
    </ClCompile>
    <ClCompile Include="d3dsetup.cpp">
      <Filter>Header Files\D3D</Filter>
    </ClCompile>
    <ClCompile Include="renderer.cpp">
      <Filter>Source Files</Filter>
    </ClCompile>
    <ClCompile Include="functions.cpp">
      <Filter>Source Files</Filter>
    </ClCompile>
    <ClCompile Include="imGui\imgui_impl_win32.cpp">
      <Filter>Header Files\ImGui</Filter>
    </ClCompile>
    <ClCompile Include="imGui\imgui_tables.cpp">
      <Filter>Header Files\ImGui</Filter>
    </ClCompile>
    <ClCompile Include="imGui\imgui_widgets.cpp">
      <Filter>Header Files\ImGui</Filter>
    </ClCompile>
    <ClCompile Include="imGui\imgui.cpp">
      <Filter>Header Files\ImGui</Filter>
    </ClCompile>
    <ClCompile Include="imGui\imgui_demo.cpp">
      <Filter>Header Files\ImGui</Filter>
    </ClCompile>
    <ClCompile Include="imGui\imgui_draw.cpp">
      <Filter>Header Files\ImGui</Filter>
    </ClCompile>
    <ClCompile Include="imGui\imgui_impl_dx9.cpp">
      <Filter>Header Files\ImGui</Filter>
    </ClCompile>
    <ClCompile Include="initGui.cpp">
      <Filter>Source Files</Filter>
    </ClCompile>
    <ClCompile Include="3D_View.cpp">
      <Filter>Source Files\renderer</Filter>
    </ClCompile>
    <ClCompile Include="Math.cpp">
      <Filter>Source Files\Maths</Filter>
    </ClCompile>
    <ClCompile Include="Utils.cpp">
      <Filter>Source Files\Utils</Filter>
    </ClCompile>
    <ClCompile Include="koukku.cpp">
      <Filter>Source Files</Filter>
    </ClCompile>
  </ItemGroup>
  <ItemGroup>
    <Library Include="detours\detours.lib">
      <Filter>Header Files\detours</Filter>
    </Library>
  </ItemGroup>
  <ItemGroup>
    <None Include="detours\detours.pdb">
      <Filter>Header Files\detours</Filter>
    </None>
  </ItemGroup>
</Project>